
Microsoft Visual Studio Solution File, Format Version 12.00
# Visual Studio Version 17
VisualStudioVersion = 17.6.33829.357
MinimumVisualStudioVersion = 10.0.40219.1
Project("{9A19103F-16F7-4668-BE54-9A1E7A4F7556}") = "Task_1", "Hillel-C_sharp_pro-homework_4\Task_1.csproj", "{95A86E6E-21D6-4FA7-85D2-C56BD44905A7}"
EndProject
Project("{9A19103F-16F7-4668-BE54-9A1E7A4F7556}") = "Task_2", "Task_2\Task_2.csproj", "{C3C5EC77-A8E7-4B0D-89D8-ACB562D50A47}"
EndProject
Project("{FAE04EC0-301F-11D3-BF4B-00C04F79EFBC}") = "Task_3", "Task_3\Task_3.csproj", "{9D011442-0077-47C7-8015-61D2D3525229}"
EndProject
Project("{FAE04EC0-301F-11D3-BF4B-00C04F79EFBC}") = "Task_4", "Task_4\Task_4.csproj", "{4120B37E-0FB7-496A-B207-64D549198004}"
EndProject
Global
	GlobalSection(SolutionConfigurationPlatforms) = preSolution
		Debug|Any CPU = Debug|Any CPU
		Release|Any CPU = Release|Any CPU
	EndGlobalSection
	GlobalSection(ProjectConfigurationPlatforms) = postSolution
		{95A86E6E-21D6-4FA7-85D2-C56BD44905A7}.Debug|Any CPU.ActiveCfg = Debug|Any CPU
		{95A86E6E-21D6-4FA7-85D2-C56BD44905A7}.Debug|Any CPU.Build.0 = Debug|Any CPU
		{95A86E6E-21D6-4FA7-85D2-C56BD44905A7}.Release|Any CPU.ActiveCfg = Release|Any CPU
		{95A86E6E-21D6-4FA7-85D2-C56BD44905A7}.Release|Any CPU.Build.0 = Release|Any CPU
		{C3C5EC77-A8E7-4B0D-89D8-ACB562D50A47}.Debug|Any CPU.ActiveCfg = Debug|Any CPU
		{C3C5EC77-A8E7-4B0D-89D8-ACB562D50A47}.Debug|Any CPU.Build.0 = Debug|Any CPU
		{C3C5EC77-A8E7-4B0D-89D8-ACB562D50A47}.Release|Any CPU.ActiveCfg = Release|Any CPU
		{C3C5EC77-A8E7-4B0D-89D8-ACB562D50A47}.Release|Any CPU.Build.0 = Release|Any CPU
		{9D011442-0077-47C7-8015-61D2D3525229}.Debug|Any CPU.ActiveCfg = Debug|Any CPU
		{9D011442-0077-47C7-8015-61D2D3525229}.Debug|Any CPU.Build.0 = Debug|Any CPU
		{9D011442-0077-47C7-8015-61D2D3525229}.Release|Any CPU.ActiveCfg = Release|Any CPU
		{9D011442-0077-47C7-8015-61D2D3525229}.Release|Any CPU.Build.0 = Release|Any CPU
		{4120B37E-0FB7-496A-B207-64D549198004}.Debug|Any CPU.ActiveCfg = Debug|Any CPU
		{4120B37E-0FB7-496A-B207-64D549198004}.Debug|Any CPU.Build.0 = Debug|Any CPU
		{4120B37E-0FB7-496A-B207-64D549198004}.Release|Any CPU.ActiveCfg = Release|Any CPU
		{4120B37E-0FB7-496A-B207-64D549198004}.Release|Any CPU.Build.0 = Release|Any CPU
	EndGlobalSection
	GlobalSection(SolutionProperties) = preSolution
		HideSolutionNode = FALSE
	EndGlobalSection
	GlobalSection(ExtensibilityGlobals) = postSolution
		SolutionGuid = {614F6854-C9E3-4206-AC11-5CCB60B845DD}
	EndGlobalSection
EndGlobal
